
Microsoft Visual Studio Solution File, Format Version 12.00
# Visual Studio 15
VisualStudioVersion = 15.0.27004.2006
MinimumVisualStudioVersion = 10.0.40219.1
Project("{FAE04EC0-301F-11D3-BF4B-00C04F79EFBC}") = "ex12", "ex12\ex12.csproj", "{0433F8F8-4EC6-42EE-8DD1-EEEC9C5DB8D3}"
EndProject
Global
	GlobalSection(SolutionConfigurationPlatforms) = preSolution
		Debug|Any CPU = Debug|Any CPU
		Release|Any CPU = Release|Any CPU
	EndGlobalSection
	GlobalSection(ProjectConfigurationPlatforms) = postSolution
		{0433F8F8-4EC6-42EE-8DD1-EEEC9C5DB8D3}.Debug|Any CPU.ActiveCfg = Debug|Any CPU
		{0433F8F8-4EC6-42EE-8DD1-EEEC9C5DB8D3}.Debug|Any CPU.Build.0 = Debug|Any CPU
		{0433F8F8-4EC6-42EE-8DD1-EEEC9C5DB8D3}.Release|Any CPU.ActiveCfg = Release|Any CPU
		{0433F8F8-4EC6-42EE-8DD1-EEEC9C5DB8D3}.Release|Any CPU.Build.0 = Release|Any CPU
	EndGlobalSection
	GlobalSection(SolutionProperties) = preSolution
		HideSolutionNode = FALSE
	EndGlobalSection
	GlobalSection(ExtensibilityGlobals) = postSolution
		SolutionGuid = {CC3DDCCA-A707-4286-B7BC-472956C79EF5}
	EndGlobalSection
EndGlobal
